
Microsoft Visual Studio Solution File, Format Version 12.00
# Visual Studio 2012
Project("{8BC9CEB8-8B4A-11D0-8D11-00A0C91BC942}") = "Linear Programming Simplex Methon", "Linear Programming Simplex Methon\Linear Programming Simplex Methon.vcxproj", "{D362FE5E-A777-4CB8-94F3-6FD7F7CBBE83}"
EndProject
Global
	GlobalSection(SolutionConfigurationPlatforms) = preSolution
		Debug|Win32 = Debug|Win32
		Release|Win32 = Release|Win32
	EndGlobalSection
	GlobalSection(ProjectConfigurationPlatforms) = postSolution
		{D362FE5E-A777-4CB8-94F3-6FD7F7CBBE83}.Debug|Win32.ActiveCfg = Debug|Win32
		{D362FE5E-A777-4CB8-94F3-6FD7F7CBBE83}.Debug|Win32.Build.0 = Debug|Win32
		{D362FE5E-A777-4CB8-94F3-6FD7F7CBBE83}.Release|Win32.ActiveCfg = Release|Win32
		{D362FE5E-A777-4CB8-94F3-6FD7F7CBBE83}.Release|Win32.Build.0 = Release|Win32
	EndGlobalSection
	GlobalSection(SolutionProperties) = preSolution
		HideSolutionNode = FALSE
	EndGlobalSection
EndGlobal
